
Microsoft Visual Studio Solution File, Format Version 12.00
# Visual Studio Version 16
VisualStudioVersion = 16.0.30717.126
MinimumVisualStudioVersion = 10.0.40219.1
Project("{FAE04EC0-301F-11D3-BF4B-00C04F79EFBC}") = "Constructor Example", "Constructor Example.csproj", "{27F30078-49BD-4D5E-8477-56C9C1E31C73}"
EndProject
Global
	GlobalSection(SolutionConfigurationPlatforms) = preSolution
		Debug|Any CPU = Debug|Any CPU
		Release|Any CPU = Release|Any CPU
	EndGlobalSection
	GlobalSection(ProjectConfigurationPlatforms) = postSolution
		{27F30078-49BD-4D5E-8477-56C9C1E31C73}.Debug|Any CPU.ActiveCfg = Debug|Any CPU
		{27F30078-49BD-4D5E-8477-56C9C1E31C73}.Debug|Any CPU.Build.0 = Debug|Any CPU
		{27F30078-49BD-4D5E-8477-56C9C1E31C73}.Release|Any CPU.ActiveCfg = Release|Any CPU
		{27F30078-49BD-4D5E-8477-56C9C1E31C73}.Release|Any CPU.Build.0 = Release|Any CPU
	EndGlobalSection
	GlobalSection(SolutionProperties) = preSolution
		HideSolutionNode = FALSE
	EndGlobalSection
	GlobalSection(ExtensibilityGlobals) = postSolution
		SolutionGuid = {8473076F-73C4-4E30-AA09-39AACCB5E6CB}
	EndGlobalSection
EndGlobal
